
Microsoft Visual Studio Solution File, Format Version 12.00
# Visual Studio Version 17
VisualStudioVersion = 17.7.34031.279
MinimumVisualStudioVersion = 10.0.40219.1
Project("{FAE04EC0-301F-11D3-BF4B-00C04F79EFBC}") = "APICORE", "APICORE\APICORE.csproj", "{5E093252-3C9A-43F1-B7C9-CB67FF44A721}"
EndProject
Global
	GlobalSection(SolutionConfigurationPlatforms) = preSolution
		Debug|Any CPU = Debug|Any CPU
		Release|Any CPU = Release|Any CPU
	EndGlobalSection
	GlobalSection(ProjectConfigurationPlatforms) = postSolution
		{5E093252-3C9A-43F1-B7C9-CB67FF44A721}.Debug|Any CPU.ActiveCfg = Debug|Any CPU
		{5E093252-3C9A-43F1-B7C9-CB67FF44A721}.Debug|Any CPU.Build.0 = Debug|Any CPU
		{5E093252-3C9A-43F1-B7C9-CB67FF44A721}.Release|Any CPU.ActiveCfg = Release|Any CPU
		{5E093252-3C9A-43F1-B7C9-CB67FF44A721}.Release|Any CPU.Build.0 = Release|Any CPU
	EndGlobalSection
	GlobalSection(SolutionProperties) = preSolution
		HideSolutionNode = FALSE
	EndGlobalSection
	GlobalSection(ExtensibilityGlobals) = postSolution
		SolutionGuid = {78407622-8F27-4DEE-810C-4204504567F4}
	EndGlobalSection
EndGlobal
